
Microsoft Visual Studio Solution File, Format Version 12.00
# Visual Studio Version 17
VisualStudioVersion = 17.8.34330.188
MinimumVisualStudioVersion = 10.0.40219.1
Project("{FAE04EC0-301F-11D3-BF4B-00C04F79EFBC}") = "ProgettoFineAnno", "ProgettoFineAnno.csproj", "{BFDC896C-5D8C-4F5F-BEA2-52C579695170}"
EndProject
Global
	GlobalSection(SolutionConfigurationPlatforms) = preSolution
		Debug|Any CPU = Debug|Any CPU
		Release|Any CPU = Release|Any CPU
	EndGlobalSection
	GlobalSection(ProjectConfigurationPlatforms) = postSolution
		{BFDC896C-5D8C-4F5F-BEA2-52C579695170}.Debug|Any CPU.ActiveCfg = Debug|Any CPU
		{BFDC896C-5D8C-4F5F-BEA2-52C579695170}.Debug|Any CPU.Build.0 = Debug|Any CPU
		{BFDC896C-5D8C-4F5F-BEA2-52C579695170}.Release|Any CPU.ActiveCfg = Release|Any CPU
		{BFDC896C-5D8C-4F5F-BEA2-52C579695170}.Release|Any CPU.Build.0 = Release|Any CPU
	EndGlobalSection
	GlobalSection(SolutionProperties) = preSolution
		HideSolutionNode = FALSE
	EndGlobalSection
	GlobalSection(ExtensibilityGlobals) = postSolution
		SolutionGuid = {47934E6F-874F-4CE7-8482-AE4B1DC32BAE}
	EndGlobalSection
EndGlobal
